
Microsoft Visual Studio Solution File, Format Version 12.00
# Visual Studio Version 16
VisualStudioVersion = 16.0.31515.178
MinimumVisualStudioVersion = 10.0.40219.1
Project("{9A19103F-16F7-4668-BE54-9A1E7A4F7556}") = "Linkeeper", "Linkeeper\Linkeeper.csproj", "{2CB04ADC-C4F0-46B3-BB8D-8F57199B30CA}"
EndProject
Project("{9A19103F-16F7-4668-BE54-9A1E7A4F7556}") = "Linkeeper.IntegrationTests", "Linkeeper.IntegrationTests\Linkeeper.IntegrationTests.csproj", "{203B4123-4775-4D44-88B9-98C572D24464}"
EndProject
Global
	GlobalSection(SolutionConfigurationPlatforms) = preSolution
		Debug|Any CPU = Debug|Any CPU
		Release|Any CPU = Release|Any CPU
	EndGlobalSection
	GlobalSection(ProjectConfigurationPlatforms) = postSolution
		{2CB04ADC-C4F0-46B3-BB8D-8F57199B30CA}.Debug|Any CPU.ActiveCfg = Debug|Any CPU
		{2CB04ADC-C4F0-46B3-BB8D-8F57199B30CA}.Debug|Any CPU.Build.0 = Debug|Any CPU
		{2CB04ADC-C4F0-46B3-BB8D-8F57199B30CA}.Release|Any CPU.ActiveCfg = Release|Any CPU
		{2CB04ADC-C4F0-46B3-BB8D-8F57199B30CA}.Release|Any CPU.Build.0 = Release|Any CPU
		{203B4123-4775-4D44-88B9-98C572D24464}.Debug|Any CPU.ActiveCfg = Debug|Any CPU
		{203B4123-4775-4D44-88B9-98C572D24464}.Debug|Any CPU.Build.0 = Debug|Any CPU
		{203B4123-4775-4D44-88B9-98C572D24464}.Release|Any CPU.ActiveCfg = Release|Any CPU
		{203B4123-4775-4D44-88B9-98C572D24464}.Release|Any CPU.Build.0 = Release|Any CPU
	EndGlobalSection
	GlobalSection(SolutionProperties) = preSolution
		HideSolutionNode = FALSE
	EndGlobalSection
	GlobalSection(ExtensibilityGlobals) = postSolution
		SolutionGuid = {08037D16-495E-4C3E-85A7-6D23C98C6477}
	EndGlobalSection
EndGlobal
